<Solution>
  <Folder Name="/Task0/">
    <Project Path="Tyuiu.StachinskiiVS.Sprint4.Task0.V19.Lib/Tyuiu.StachinskiiVS.Sprint4.Task0.V19.Lib.csproj" />
    <Project Path="Tyuiu.StachinskiiVS.Sprint4.Task0.V19.Test/Tyuiu.StachinskiiVS.Sprint4.Task0.V19.Test.csproj" />
    <Project Path="Tyuiu.StachinskiiVS.Sprint4.Task0.V19/Tyuiu.StachinskiiVS.Sprint4.Task0.V19.csproj" />
  </Folder>
  <Folder Name="/Task1/">
    <Project Path="Tyuiu.StachinskiiVS.Sprint4.Task1.V7.Lib/Tyuiu.StachinskiiVS.Sprint4.Task1.V7.Lib.csproj" />
    <Project Path="Tyuiu.StachinskiiVS.Sprint4.Task1.V7.Test/Tyuiu.StachinskiiVS.Sprint4.Task1.V7.Test.csproj" />
    <Project Path="Tyuiu.StachinskiiVS.Sprint4.Task1.V7/Tyuiu.StachinskiiVS.Sprint4.Task1.V7.csproj" />
  </Folder>
  <Folder Name="/Task2/">
    <Project Path="Tyuiu.StachinskiiVS.Sprint4.Task2.V26.Lib/Tyuiu.StachinskiiVS.Sprint4.Task2.V26.Lib.csproj" />
    <Project Path="Tyuiu.StachinskiiVS.Sprint4.Task2.V26.Test/Tyuiu.StachinskiiVS.Sprint4.Task2.V26.Test.csproj" />
    <Project Path="Tyuiu.StachinskiiVS.Sprint4.Task2.V26/Tyuiu.StachinskiiVS.Sprint4.Task2.V26.csproj" />
  </Folder>
  <Folder Name="/Task3/">
    <Project Path="Tyuiu.StachinskiiVS.Sprint4.Task3.V22.Lib/Tyuiu.StachinskiiVS.Sprint4.Task3.V22.Lib.csproj" />
    <Project Path="Tyuiu.StachinskiiVS.Sprint4.Task3.V22.Test/Tyuiu.StachinskiiVS.Sprint4.Task3.V22.Test.csproj" />
    <Project Path="Tyuiu.StachinskiiVS.Sprint4.Task3.V22/Tyuiu.StachinskiiVS.Sprint4.Task3.V22.csproj" />
  </Folder>
</Solution>
