<Solution>
  <Folder Name="/Task0/">
    <Project Path="Tyuiu.StachinskiiVS.Sprint4.Task0.V19.Lib/Tyuiu.StachinskiiVS.Sprint4.Task0.V19.Lib.csproj" />
    <Project Path="Tyuiu.StachinskiiVS.Sprint4.Task0.V19.Test/Tyuiu.StachinskiiVS.Sprint4.Task0.V19.Test.csproj" />
    <Project Path="Tyuiu.StachinskiiVS.Sprint4.Task0.V19/Tyuiu.StachinskiiVS.Sprint4.Task0.V19.csproj" />
  </Folder>
  <Folder Name="/Task1/">
    <Project Path="Tyuiu.StachinskiiVS.Sprint4.Task1.V7.Lib/Tyuiu.StachinskiiVS.Sprint4.Task1.V7.Lib.csproj" />
    <Project Path="Tyuiu.StachinskiiVS.Sprint4.Task1.V7.Test/Tyuiu.StachinskiiVS.Sprint4.Task1.V7.Test.csproj" />
    <Project Path="Tyuiu.StachinskiiVS.Sprint4.Task1.V7/Tyuiu.StachinskiiVS.Sprint4.Task1.V7.csproj" />
  </Folder>
  <Folder Name="/Task2/">
    <Project Path="Tyuiu.StachinskiiVS.Sprint4.Task2.V26.Lib/Tyuiu.StachinskiiVS.Sprint4.Task2.V26.Lib.csproj" />
    <Project Path="Tyuiu.StachinskiiVS.Sprint4.Task2.V26.Test/Tyuiu.StachinskiiVS.Sprint4.Task2.V26.Test.csproj" />
    <Project Path="Tyuiu.StachinskiiVS.Sprint4.Task2.V26/Tyuiu.StachinskiiVS.Sprint4.Task2.V26.csproj" />
  </Folder>
  <Folder Name="/Task3/">
    <Project Path="Tyuiu.StachinskiiVS.Sprint4.Task3.V22.Lib/Tyuiu.StachinskiiVS.Sprint4.Task3.V22.Lib.csproj" />
    <Project Path="Tyuiu.StachinskiiVS.Sprint4.Task3.V22.Test/Tyuiu.StachinskiiVS.Sprint4.Task3.V22.Test.csproj" />
    <Project Path="Tyuiu.StachinskiiVS.Sprint4.Task3.V22/Tyuiu.StachinskiiVS.Sprint4.Task3.V22.csproj" />
  </Folder>
  <Folder Name="/Task4/">
    <Project Path="Tyuiu.StachinskiiVS.Sprint4.Task4.V30.Lib/Tyuiu.StachinskiiVS.Sprint4.Task4.V30.Lib.csproj" />
    <Project Path="Tyuiu.StachinskiiVS.Sprint4.Task4.V30.Test/Tyuiu.StachinskiiVS.Sprint4.Task4.V30.Test.csproj" />
    <Project Path="Tyuiu.StachinskiiVS.Sprint4.Task4.V30/Tyuiu.StachinskiiVS.Sprint4.Task4.V30.csproj" />
  </Folder>
  <Folder Name="/Task5/">
    <Project Path="Tyuiu.StachinskiiVS.Sprint4.Task5.V23.Lib/Tyuiu.StachinskiiVS.Sprint4.Task5.V23.Lib.csproj" />
    <Project Path="Tyuiu.StachinskiiVS.Sprint4.Task5.V23.Test/Tyuiu.StachinskiiVS.Sprint4.Task5.V23.Test.csproj" />
    <Project Path="Tyuiu.StachinskiiVS.Sprint4.Task5.V23/Tyuiu.StachinskiiVS.Sprint4.Task5.V23.csproj" />
  </Folder>
  <Folder Name="/Task6/">
    <Project Path="Tyuiu.StachinskiiVS.Sprint4.Task6.V8.Lib/Tyuiu.StachinskiiVS.Sprint4.Task6.V8.Lib.csproj" />
    <Project Path="Tyuiu.StachinskiiVS.Sprint4.Task6.V8.Test/Tyuiu.StachinskiiVS.Sprint4.Task6.V8.Test.csproj" />
    <Project Path="Tyuiu.StachinskiiVS.Sprint4.Task6.V8/Tyuiu.StachinskiiVS.Sprint4.Task6.V8.csproj" />
  </Folder>
  <Folder Name="/Task7/">
    <Project Path="Tyuiu.StachinskiiVS.Sprint4.Task7.V6.Lib/Tyuiu.StachinskiiVS.Sprint4.Task7.V6.Lib.csproj" Id="7c2c58b8-b4be-4cab-91ce-62f5cf8c2eeb" />
    <Project Path="Tyuiu.StachinskiiVS.Sprint4.Task7.V6.Test/Tyuiu.StachinskiiVS.Sprint4.Task7.V6.Test.csproj" Id="f1b9a416-b30f-4ce5-953a-4253d214f4d5" />
    <Project Path="Tyuiu.StachinskiiVS.Sprint4.Task7.V6/Tyuiu.StachinskiiVS.Sprint4.Task7.V6.csproj" Id="51fbf796-c1c9-4f35-a4e7-f97ec41a1174" />
  </Folder>
</Solution>
